
Microsoft Visual Studio Solution File, Format Version 12.00
# Visual Studio Version 17
VisualStudioVersion = 17.10.35027.167
MinimumVisualStudioVersion = 10.0.40219.1
Project("{9A19103F-16F7-4668-BE54-9A1E7A4F7556}") = "JobsOffer.Api.Server", "JobsOffer.Api.Server\JobsOffer.Api.Server.csproj", "{F4EE47A0-C944-4237-BFE2-BA213621A1B6}"
EndProject
Project("{9A19103F-16F7-4668-BE54-9A1E7A4F7556}") = "JobsOffer.Api.Infrastructure", "JobsOffer.Api.Infrastructure\JobsOffer.Api.Infrastructure.csproj", "{9A51BB5A-4ACD-4559-8D17-679269752591}"
EndProject
Project("{9A19103F-16F7-4668-BE54-9A1E7A4F7556}") = "JobsOffer.Api.Domain", "JobsOffer.Api.Domain\JobsOffer.Api.Domain.csproj", "{FC014DBD-7DF6-40A2-A79E-9418F03B2C0B}"
EndProject
Project("{9A19103F-16F7-4668-BE54-9A1E7A4F7556}") = "JobsOffer.Api.UnitOfWork", "JobsOffer.Api.UnitOfWork\JobsOffer.Api.UnitOfWork.csproj", "{43A3711E-EFB9-4651-8511-CDDF2F7FEB91}"
EndProject
Project("{9A19103F-16F7-4668-BE54-9A1E7A4F7556}") = "JobsOffer.Api.Business", "JobsOffer.Api.Business\JobsOffer.Api.Business.csproj", "{BF5D7DF9-4627-47D4-9218-69EE35A6EEDD}"
EndProject
Project("{9A19103F-16F7-4668-BE54-9A1E7A4F7556}") = "JobsOffer.Api.Server.UserMicroService", "JobsOffer.Api.Server.UserMicroService\JobsOffer.Api.Server.UserMicroService.csproj", "{92DB6069-55AB-4344-A04B-37191159290B}"
EndProject
Project("{9A19103F-16F7-4668-BE54-9A1E7A4F7556}") = "JobsOffer.Api.Server.DomainJobMicroService", "JobsOffer.Api.Server.DomainJobMicroService\JobsOffer.Api.Server.DomainJobMicroService.csproj", "{6941F817-621A-4774-8E06-D9A236951CCD}"
EndProject
Project("{9A19103F-16F7-4668-BE54-9A1E7A4F7556}") = "JobsOffer.Api.Server.FavoriMicroService", "JobsOffer.Api.Server.FavoriMicroService\JobsOffer.Api.Server.FavoriMicroService.csproj", "{E66A9656-FA16-40C3-9291-9E7D6BDD783D}"
EndProject
Project("{9A19103F-16F7-4668-BE54-9A1E7A4F7556}") = "JobsOffer.Api.Server.JobMicroService", "JobsOffer.Api.Server.JobMicroService\JobsOffer.Api.Server.JobMicroService.csproj", "{1461FECA-0019-4774-8CC2-FD23A7C10B77}"
EndProject
Project("{9A19103F-16F7-4668-BE54-9A1E7A4F7556}") = "JobsOffer.Api.Server.ProfilMicroService", "JobsOffer.Api.Server.ProfilMicroService\JobsOffer.Api.Server.ProfilMicroService.csproj", "{AE83291A-2B10-4C06-8E81-4CBC90E5BBEF}"
EndProject
Project("{9A19103F-16F7-4668-BE54-9A1E7A4F7556}") = "JobsOffer.Api.Server.ProfilDomainJobMicroService", "JobsOffer.Api.Server.ProfilDomainJobMicroService\JobsOffer.Api.Server.ProfilDomainJobMicroService.csproj", "{163D0D23-CF7F-42DC-8FD1-65AE3438D0D3}"
EndProject
Project("{9A19103F-16F7-4668-BE54-9A1E7A4F7556}") = "JobsOffer.Api.Server.WebSiteMicroService", "JobsOffer.Api.Server.WebSiteMicroService\JobsOffer.Api.Server.WebSiteMicroService.csproj", "{5F6BD93C-0B2A-47D0-8533-0D8CC1CB8EFF}"
EndProject
Project("{9A19103F-16F7-4668-BE54-9A1E7A4F7556}") = "JobsOffer.Api.Server.ApiGateway", "JobsOffer.Api.Server.ApiGateway\JobsOffer.Api.Server.ApiGateway.csproj", "{14415C79-F857-4653-AA0C-A3B30CC91B4A}"
EndProject
Project("{9A19103F-16F7-4668-BE54-9A1E7A4F7556}") = "JobsOffer.Api.Test", "JobsOffer.Api.Test\JobsOffer.Api.Test.csproj", "{E899AFB3-3AC3-431A-9586-2CCE1AF29A74}"
EndProject
Project("{2150E333-8FDC-42A3-9474-1A3956D46DE8}") = "Solution Items", "Solution Items", "{E35F9F04-1DDB-4D57-BF9F-80CC481E397F}"
	ProjectSection(SolutionItems) = preProject
		.editorconfig = .editorconfig
	EndProjectSection
EndProject
Global
	GlobalSection(SolutionConfigurationPlatforms) = preSolution
		Debug|Any CPU = Debug|Any CPU
		Release|Any CPU = Release|Any CPU
	EndGlobalSection
	GlobalSection(ProjectConfigurationPlatforms) = postSolution
		{F4EE47A0-C944-4237-BFE2-BA213621A1B6}.Debug|Any CPU.ActiveCfg = Debug|Any CPU
		{F4EE47A0-C944-4237-BFE2-BA213621A1B6}.Debug|Any CPU.Build.0 = Debug|Any CPU
		{F4EE47A0-C944-4237-BFE2-BA213621A1B6}.Release|Any CPU.ActiveCfg = Release|Any CPU
		{F4EE47A0-C944-4237-BFE2-BA213621A1B6}.Release|Any CPU.Build.0 = Release|Any CPU
		{9A51BB5A-4ACD-4559-8D17-679269752591}.Debug|Any CPU.ActiveCfg = Debug|Any CPU
		{9A51BB5A-4ACD-4559-8D17-679269752591}.Debug|Any CPU.Build.0 = Debug|Any CPU
		{9A51BB5A-4ACD-4559-8D17-679269752591}.Release|Any CPU.ActiveCfg = Release|Any CPU
		{9A51BB5A-4ACD-4559-8D17-679269752591}.Release|Any CPU.Build.0 = Release|Any CPU
		{FC014DBD-7DF6-40A2-A79E-9418F03B2C0B}.Debug|Any CPU.ActiveCfg = Debug|Any CPU
		{FC014DBD-7DF6-40A2-A79E-9418F03B2C0B}.Debug|Any CPU.Build.0 = Debug|Any CPU
		{FC014DBD-7DF6-40A2-A79E-9418F03B2C0B}.Release|Any CPU.ActiveCfg = Release|Any CPU
		{FC014DBD-7DF6-40A2-A79E-9418F03B2C0B}.Release|Any CPU.Build.0 = Release|Any CPU
		{43A3711E-EFB9-4651-8511-CDDF2F7FEB91}.Debug|Any CPU.ActiveCfg = Debug|Any CPU
		{43A3711E-EFB9-4651-8511-CDDF2F7FEB91}.Debug|Any CPU.Build.0 = Debug|Any CPU
		{43A3711E-EFB9-4651-8511-CDDF2F7FEB91}.Release|Any CPU.ActiveCfg = Release|Any CPU
		{43A3711E-EFB9-4651-8511-CDDF2F7FEB91}.Release|Any CPU.Build.0 = Release|Any CPU
		{BF5D7DF9-4627-47D4-9218-69EE35A6EEDD}.Debug|Any CPU.ActiveCfg = Debug|Any CPU
		{BF5D7DF9-4627-47D4-9218-69EE35A6EEDD}.Debug|Any CPU.Build.0 = Debug|Any CPU
		{BF5D7DF9-4627-47D4-9218-69EE35A6EEDD}.Release|Any CPU.ActiveCfg = Release|Any CPU
		{BF5D7DF9-4627-47D4-9218-69EE35A6EEDD}.Release|Any CPU.Build.0 = Release|Any CPU
		{92DB6069-55AB-4344-A04B-37191159290B}.Debug|Any CPU.ActiveCfg = Debug|Any CPU
		{92DB6069-55AB-4344-A04B-37191159290B}.Debug|Any CPU.Build.0 = Debug|Any CPU
		{92DB6069-55AB-4344-A04B-37191159290B}.Release|Any CPU.ActiveCfg = Release|Any CPU
		{92DB6069-55AB-4344-A04B-37191159290B}.Release|Any CPU.Build.0 = Release|Any CPU
		{6941F817-621A-4774-8E06-D9A236951CCD}.Debug|Any CPU.ActiveCfg = Debug|Any CPU
		{6941F817-621A-4774-8E06-D9A236951CCD}.Debug|Any CPU.Build.0 = Debug|Any CPU
		{6941F817-621A-4774-8E06-D9A236951CCD}.Release|Any CPU.ActiveCfg = Release|Any CPU
		{6941F817-621A-4774-8E06-D9A236951CCD}.Release|Any CPU.Build.0 = Release|Any CPU
		{E66A9656-FA16-40C3-9291-9E7D6BDD783D}.Debug|Any CPU.ActiveCfg = Debug|Any CPU
		{E66A9656-FA16-40C3-9291-9E7D6BDD783D}.Debug|Any CPU.Build.0 = Debug|Any CPU
		{E66A9656-FA16-40C3-9291-9E7D6BDD783D}.Release|Any CPU.ActiveCfg = Release|Any CPU
		{E66A9656-FA16-40C3-9291-9E7D6BDD783D}.Release|Any CPU.Build.0 = Release|Any CPU
		{1461FECA-0019-4774-8CC2-FD23A7C10B77}.Debug|Any CPU.ActiveCfg = Debug|Any CPU
		{1461FECA-0019-4774-8CC2-FD23A7C10B77}.Debug|Any CPU.Build.0 = Debug|Any CPU
		{1461FECA-0019-4774-8CC2-FD23A7C10B77}.Release|Any CPU.ActiveCfg = Release|Any CPU
		{1461FECA-0019-4774-8CC2-FD23A7C10B77}.Release|Any CPU.Build.0 = Release|Any CPU
		{AE83291A-2B10-4C06-8E81-4CBC90E5BBEF}.Debug|Any CPU.ActiveCfg = Debug|Any CPU
		{AE83291A-2B10-4C06-8E81-4CBC90E5BBEF}.Debug|Any CPU.Build.0 = Debug|Any CPU
		{AE83291A-2B10-4C06-8E81-4CBC90E5BBEF}.Release|Any CPU.ActiveCfg = Release|Any CPU
		{AE83291A-2B10-4C06-8E81-4CBC90E5BBEF}.Release|Any CPU.Build.0 = Release|Any CPU
		{163D0D23-CF7F-42DC-8FD1-65AE3438D0D3}.Debug|Any CPU.ActiveCfg = Debug|Any CPU
		{163D0D23-CF7F-42DC-8FD1-65AE3438D0D3}.Debug|Any CPU.Build.0 = Debug|Any CPU
		{163D0D23-CF7F-42DC-8FD1-65AE3438D0D3}.Release|Any CPU.ActiveCfg = Release|Any CPU
		{163D0D23-CF7F-42DC-8FD1-65AE3438D0D3}.Release|Any CPU.Build.0 = Release|Any CPU
		{5F6BD93C-0B2A-47D0-8533-0D8CC1CB8EFF}.Debug|Any CPU.ActiveCfg = Debug|Any CPU
		{5F6BD93C-0B2A-47D0-8533-0D8CC1CB8EFF}.Debug|Any CPU.Build.0 = Debug|Any CPU
		{5F6BD93C-0B2A-47D0-8533-0D8CC1CB8EFF}.Release|Any CPU.ActiveCfg = Release|Any CPU
		{5F6BD93C-0B2A-47D0-8533-0D8CC1CB8EFF}.Release|Any CPU.Build.0 = Release|Any CPU
		{14415C79-F857-4653-AA0C-A3B30CC91B4A}.Debug|Any CPU.ActiveCfg = Debug|Any CPU
		{14415C79-F857-4653-AA0C-A3B30CC91B4A}.Debug|Any CPU.Build.0 = Debug|Any CPU
		{14415C79-F857-4653-AA0C-A3B30CC91B4A}.Release|Any CPU.ActiveCfg = Release|Any CPU
		{14415C79-F857-4653-AA0C-A3B30CC91B4A}.Release|Any CPU.Build.0 = Release|Any CPU
		{E899AFB3-3AC3-431A-9586-2CCE1AF29A74}.Debug|Any CPU.ActiveCfg = Debug|Any CPU
		{E899AFB3-3AC3-431A-9586-2CCE1AF29A74}.Debug|Any CPU.Build.0 = Debug|Any CPU
		{E899AFB3-3AC3-431A-9586-2CCE1AF29A74}.Release|Any CPU.ActiveCfg = Release|Any CPU
		{E899AFB3-3AC3-431A-9586-2CCE1AF29A74}.Release|Any CPU.Build.0 = Release|Any CPU
	EndGlobalSection
	GlobalSection(SolutionProperties) = preSolution
		HideSolutionNode = FALSE
	EndGlobalSection
	GlobalSection(ExtensibilityGlobals) = postSolution
		SolutionGuid = {C244AE87-03FE-4825-BDBB-514AC9B0D288}
	EndGlobalSection
EndGlobal
