
Microsoft Visual Studio Solution File, Format Version 12.00
# Visual Studio Version 17
VisualStudioVersion = 17.10.35027.167
MinimumVisualStudioVersion = 10.0.40219.1
Project("{9A19103F-16F7-4668-BE54-9A1E7A4F7556}") = "JobsOffer.Api.Server", "JobsOffer.Api.Server\JobsOffer.Api.Server.csproj", "{F4EE47A0-C944-4237-BFE2-BA213621A1B6}"
EndProject
Project("{9A19103F-16F7-4668-BE54-9A1E7A4F7556}") = "JobsOffer.Api.Infrastructure", "JobsOffer.Api.Infrastructure\JobsOffer.Api.Infrastructure.csproj", "{9A51BB5A-4ACD-4559-8D17-679269752591}"
EndProject
Project("{9A19103F-16F7-4668-BE54-9A1E7A4F7556}") = "JobsOffer.Api.Domain", "JobsOffer.Api.Domain\JobsOffer.Api.Domain.csproj", "{FC014DBD-7DF6-40A2-A79E-9418F03B2C0B}"
EndProject
Project("{FAE04EC0-301F-11D3-BF4B-00C04F79EFBC}") = "JobsOffer.Api.UnitOfWork", "JobsOffer.Api.UnitOfWork\JobsOffer.Api.UnitOfWork.csproj", "{43A3711E-EFB9-4651-8511-CDDF2F7FEB91}"
EndProject
Project("{FAE04EC0-301F-11D3-BF4B-00C04F79EFBC}") = "JobsOffer.Api.Business", "JobsOffer.Api.Business\JobsOffer.Api.Business.csproj", "{BF5D7DF9-4627-47D4-9218-69EE35A6EEDD}"
EndProject
Global
	GlobalSection(SolutionConfigurationPlatforms) = preSolution
		Debug|Any CPU = Debug|Any CPU
		Release|Any CPU = Release|Any CPU
	EndGlobalSection
	GlobalSection(ProjectConfigurationPlatforms) = postSolution
		{F4EE47A0-C944-4237-BFE2-BA213621A1B6}.Debug|Any CPU.ActiveCfg = Debug|Any CPU
		{F4EE47A0-C944-4237-BFE2-BA213621A1B6}.Debug|Any CPU.Build.0 = Debug|Any CPU
		{F4EE47A0-C944-4237-BFE2-BA213621A1B6}.Release|Any CPU.ActiveCfg = Release|Any CPU
		{F4EE47A0-C944-4237-BFE2-BA213621A1B6}.Release|Any CPU.Build.0 = Release|Any CPU
		{9A51BB5A-4ACD-4559-8D17-679269752591}.Debug|Any CPU.ActiveCfg = Debug|Any CPU
		{9A51BB5A-4ACD-4559-8D17-679269752591}.Debug|Any CPU.Build.0 = Debug|Any CPU
		{9A51BB5A-4ACD-4559-8D17-679269752591}.Release|Any CPU.ActiveCfg = Release|Any CPU
		{9A51BB5A-4ACD-4559-8D17-679269752591}.Release|Any CPU.Build.0 = Release|Any CPU
		{FC014DBD-7DF6-40A2-A79E-9418F03B2C0B}.Debug|Any CPU.ActiveCfg = Debug|Any CPU
		{FC014DBD-7DF6-40A2-A79E-9418F03B2C0B}.Debug|Any CPU.Build.0 = Debug|Any CPU
		{FC014DBD-7DF6-40A2-A79E-9418F03B2C0B}.Release|Any CPU.ActiveCfg = Release|Any CPU
		{FC014DBD-7DF6-40A2-A79E-9418F03B2C0B}.Release|Any CPU.Build.0 = Release|Any CPU
		{43A3711E-EFB9-4651-8511-CDDF2F7FEB91}.Debug|Any CPU.ActiveCfg = Debug|Any CPU
		{43A3711E-EFB9-4651-8511-CDDF2F7FEB91}.Debug|Any CPU.Build.0 = Debug|Any CPU
		{43A3711E-EFB9-4651-8511-CDDF2F7FEB91}.Release|Any CPU.ActiveCfg = Release|Any CPU
		{43A3711E-EFB9-4651-8511-CDDF2F7FEB91}.Release|Any CPU.Build.0 = Release|Any CPU
		{BF5D7DF9-4627-47D4-9218-69EE35A6EEDD}.Debug|Any CPU.ActiveCfg = Debug|Any CPU
		{BF5D7DF9-4627-47D4-9218-69EE35A6EEDD}.Debug|Any CPU.Build.0 = Debug|Any CPU
		{BF5D7DF9-4627-47D4-9218-69EE35A6EEDD}.Release|Any CPU.ActiveCfg = Release|Any CPU
		{BF5D7DF9-4627-47D4-9218-69EE35A6EEDD}.Release|Any CPU.Build.0 = Release|Any CPU
	EndGlobalSection
	GlobalSection(SolutionProperties) = preSolution
		HideSolutionNode = FALSE
	EndGlobalSection
	GlobalSection(ExtensibilityGlobals) = postSolution
		SolutionGuid = {C244AE87-03FE-4825-BDBB-514AC9B0D288}
	EndGlobalSection
EndGlobal
